
Microsoft Visual Studio Solution File, Format Version 12.00
# Visual Studio Version 16
VisualStudioVersion = 16.0.31624.102
MinimumVisualStudioVersion = 10.0.40219.1
Project("{FAE04EC0-301F-11D3-BF4B-00C04F79EFBC}") = "Pratice24TestingThread", "Pratice24TestingThread\Pratice24TestingThread.csproj", "{EDD62634-2621-4E6E-AA36-51C2DEAA474C}"
EndProject
Global
	GlobalSection(SolutionConfigurationPlatforms) = preSolution
		Debug|Any CPU = Debug|Any CPU
		Release|Any CPU = Release|Any CPU
	EndGlobalSection
	GlobalSection(ProjectConfigurationPlatforms) = postSolution
		{EDD62634-2621-4E6E-AA36-51C2DEAA474C}.Debug|Any CPU.ActiveCfg = Debug|Any CPU
		{EDD62634-2621-4E6E-AA36-51C2DEAA474C}.Debug|Any CPU.Build.0 = Debug|Any CPU
		{EDD62634-2621-4E6E-AA36-51C2DEAA474C}.Release|Any CPU.ActiveCfg = Release|Any CPU
		{EDD62634-2621-4E6E-AA36-51C2DEAA474C}.Release|Any CPU.Build.0 = Release|Any CPU
	EndGlobalSection
	GlobalSection(SolutionProperties) = preSolution
		HideSolutionNode = FALSE
	EndGlobalSection
	GlobalSection(ExtensibilityGlobals) = postSolution
		SolutionGuid = {377784DD-7750-4E3F-87E0-EF132E61ABB0}
	EndGlobalSection
EndGlobal
